{
  "name": "@linkurious/ogma-build-systems",
  "version": "0.0.3",
  "lockfileVersion": 3,
  "requires": true,
  "packages": {
    "": {
      "name": "@linkurious/ogma-build-systems",
      "version": "0.0.3",
      "license": "ISC",
      "dependencies": {
        "@linkurious/ogma": "5.1.1"
      },
      "devDependencies": {
        "@linkurious/code-tools": "^0.0.14",
        "concurrently": "^8.0.0"
      },
      "engines": {
        "node": "18.20.3"
      }
    },
    "node_modules/@babel/runtime": {
      "version": "7.23.9",
      "resolved": "https://nexus3.linkurious.net/repository/npm/@babel/runtime/-/runtime-7.23.9.tgz",
      "integrity": "sha512-0CX6F+BI2s9dkUqr08KFrAIZgNFj75rdBU/DjCyYLIaV/quFjkk6T+EJ2LkZHyZTbEV4L5p97mNkUsHl2wLFAw==",
      "dev": true,
      "dependencies": {
        "regenerator-runtime": "^0.14.0"
      },
      "engines": {
        "node": ">=6.9.0"
      }
    },
    "node_modules/@linkurious/code-tools": {
      "version": "0.0.14",
      "resolved": "https://nexus3.linkurious.net/repository/npm/@linkurious/code-tools/-/code-tools-0.0.14.tgz",
      "integrity": "sha512-S9KHJThvy9/XtUPAPqn/Bms9BMhXLvOhVBmZflJJfg2wg+sVAPeNPZ1kME201lshEKtxXgwvAcvegNt8+M076A==",
      "dev": true,
      "license": "Apache-2.0",
      "bin": {
        "copy_npmrc": "bin/copy_npmrc.js",
        "sync_versions": "bin/sync_versions.js"
      },
      "engines": {
        "node": "18.14.2"
      }
    },
    "node_modules/@linkurious/ogma": {
      "version": "5.1.1",
      "resolved": "https://nexus3.linkurious.net/repository/npm/@linkurious/ogma/-/ogma-5.1.1.tgz",
      "integrity": "sha512-S5tJrFrfvgn1TJ6hNEJhqRVrV7u0nm0nltkLD6ykg9fVJui1ohiXyqkCK0tpt9J/z4KZuPE/Vh4FN7208Qkw3w==",
      "optionalDependencies": {
        "@mapbox/mapbox-gl-rtl-text": "^0.2.0",
        "@types/leaflet": ">=1.x",
        "leaflet": ">=1.x",
        "xlsx": "0.17.0"
      }
    },
    "node_modules/@mapbox/geojson-rewind": {
      "version": "0.5.2",
      "resolved": "https://nexus3.linkurious.net/repository/npm/@mapbox/geojson-rewind/-/geojson-rewind-0.5.2.tgz",
      "integrity": "sha512-tJaT+RbYGJYStt7wI3cq4Nl4SXxG8W7JDG5DMJu97V25RnbNg3QtQtf+KD+VLjNpWKYsRvXDNmNrBgEETr1ifA==",
      "license": "ISC",
      "optional": true,
      "peer": true,
      "dependencies": {
        "get-stream": "^6.0.1",
        "minimist": "^1.2.6"
      },
      "bin": {
        "geojson-rewind": "geojson-rewind"
      }
    },
    "node_modules/@mapbox/geojson-types": {
      "version": "1.0.2",
      "resolved": "https://nexus3.linkurious.net/repository/npm/@mapbox/geojson-types/-/geojson-types-1.0.2.tgz",
      "integrity": "sha512-e9EBqHHv3EORHrSfbR9DqecPNn+AmuAoQxV6aL8Xu30bJMJR1o8PZLZzpk1Wq7/NfCbuhmakHTPYRhoqLsXRnw==",
      "license": "ISC",
      "optional": true,
      "peer": true
    },
    "node_modules/@mapbox/jsonlint-lines-primitives": {
      "version": "2.0.2",
      "resolved": "https://nexus3.linkurious.net/repository/npm/@mapbox/jsonlint-lines-primitives/-/jsonlint-lines-primitives-2.0.2.tgz",
      "integrity": "sha512-rY0o9A5ECsTQRVhv7tL/OyDpGAoUB4tTvLiW1DSzQGq4bvTPhNw1VpSNjDJc5GFZ2XuyOtSWSVN05qOtcD71qQ==",
      "optional": true,
      "peer": true,
      "engines": {
        "node": ">= 0.6"
      }
    },
    "node_modules/@mapbox/mapbox-gl-rtl-text": {
      "version": "0.2.3",
      "resolved": "https://nexus3.linkurious.net/repository/npm/@mapbox/mapbox-gl-rtl-text/-/mapbox-gl-rtl-text-0.2.3.tgz",
      "integrity": "sha512-RaCYfnxULUUUxNwcUimV9C/o2295ktTyLEUzD/+VWkqXqvaVfFcZ5slytGzb2Sd/Jj4MlbxD0DCZbfa6CzcmMw==",
      "license": "BSD-2-Clause",
      "optional": true,
      "peerDependencies": {
        "mapbox-gl": ">=0.32.1 <2.0.0"
      }
    },
    "node_modules/@mapbox/mapbox-gl-supported": {
      "version": "1.5.0",
      "resolved": "https://nexus3.linkurious.net/repository/npm/@mapbox/mapbox-gl-supported/-/mapbox-gl-supported-1.5.0.tgz",
      "integrity": "sha512-/PT1P6DNf7vjEEiPkVIRJkvibbqWtqnyGaBz3nfRdcxclNSnSdaLU5tfAgcD7I8Yt5i+L19s406YLl1koLnLbg==",
      "license": "BSD-3-Clause",
      "optional": true,
      "peer": true,
      "peerDependencies": {
        "mapbox-gl": ">=0.32.1 <2.0.0"
      }
    },
    "node_modules/@mapbox/point-geometry": {
      "version": "0.1.0",
      "resolved": "https://nexus3.linkurious.net/repository/npm/@mapbox/point-geometry/-/point-geometry-0.1.0.tgz",
      "integrity": "sha512-6j56HdLTwWGO0fJPlrZtdU/B13q8Uwmo18Ck2GnGgN9PCFyKTZ3UbXeEdRFh18i9XQ92eH2VdtpJHpBD3aripQ==",
      "license": "ISC",
      "optional": true,
      "peer": true
    },
    "node_modules/@mapbox/tiny-sdf": {
      "version": "1.2.5",
      "resolved": "https://nexus3.linkurious.net/repository/npm/@mapbox/tiny-sdf/-/tiny-sdf-1.2.5.tgz",
      "integrity": "sha512-cD8A/zJlm6fdJOk6DqPUV8mcpyJkRz2x2R+/fYcWDYG3oWbG7/L7Yl/WqQ1VZCjnL9OTIMAn6c+BC5Eru4sQEw==",
      "license": "BSD-2-Clause",
      "optional": true,
      "peer": true
    },
    "node_modules/@mapbox/unitbezier": {
      "version": "0.0.0",
      "resolved": "https://nexus3.linkurious.net/repository/npm/@mapbox/unitbezier/-/unitbezier-0.0.0.tgz",
      "integrity": "sha512-HPnRdYO0WjFjRTSwO3frz1wKaU649OBFPX3Zo/2WZvuRi6zMiRGui8SnPQiQABgqCf8YikDe5t3HViTVw1WUzA==",
      "license": "BSD-2-Clause",
      "optional": true,
      "peer": true
    },
    "node_modules/@mapbox/vector-tile": {
      "version": "1.3.1",
      "resolved": "https://nexus3.linkurious.net/repository/npm/@mapbox/vector-tile/-/vector-tile-1.3.1.tgz",
      "integrity": "sha512-MCEddb8u44/xfQ3oD+Srl/tNcQoqTw3goGk2oLsrFxOTc3dUp+kAnby3PvAeeBYSMSjSPD1nd1AJA6W49WnoUw==",
      "license": "BSD-3-Clause",
      "optional": true,
      "peer": true,
      "dependencies": {
        "@mapbox/point-geometry": "~0.1.0"
      }
    },
    "node_modules/@mapbox/whoots-js": {
      "version": "3.1.0",
      "resolved": "https://nexus3.linkurious.net/repository/npm/@mapbox/whoots-js/-/whoots-js-3.1.0.tgz",
      "integrity": "sha512-Es6WcD0nO5l+2BOQS4uLfNPYQaNDfbot3X1XUoloz+x0mPDS3eeORZJl06HXjwBG1fOGwCRnzK88LMdxKRrd6Q==",
      "license": "ISC",
      "optional": true,
      "peer": true,
      "engines": {
        "node": ">=6.0.0"
      }
    },
    "node_modules/@types/geojson": {
      "version": "7946.0.10",
      "resolved": "https://nexus3.linkurious.net/repository/npm/@types/geojson/-/geojson-7946.0.10.tgz",
      "integrity": "sha512-Nmh0K3iWQJzniTuPRcJn5hxXkfB1T1pgB89SBig5PlJQU5yocazeu4jATJlaA0GYFKWMqDdvYemoSnF2pXgLVA==",
      "license": "MIT",
      "optional": true
    },
    "node_modules/@types/leaflet": {
      "version": "1.9.3",
      "resolved": "https://nexus3.linkurious.net/repository/npm/@types/leaflet/-/leaflet-1.9.3.tgz",
      "integrity": "sha512-Caa1lYOgKVqDkDZVWkto2Z5JtVo09spEaUt2S69LiugbBpoqQu92HYFMGUbYezZbnBkyOxMNPXHSgRrRY5UyIA==",
      "license": "MIT",
      "optional": true,
      "dependencies": {
        "@types/geojson": "*"
      }
    },
    "node_modules/adler-32": {
      "version": "1.2.0",
      "resolved": "https://nexus3.linkurious.net/repository/npm/adler-32/-/adler-32-1.2.0.tgz",
      "integrity": "sha512-/vUqU/UY4MVeFsg+SsK6c+/05RZXIHZMGJA+PX5JyWI0ZRcBpupnRuPLU/NXXoFwMYCPCoxIfElM2eS+DUXCqQ==",
      "license": "Apache-2.0",
      "optional": true,
      "dependencies": {
        "exit-on-epipe": "~1.0.1",
        "printj": "~1.1.0"
      },
      "bin": {
        "adler32": "bin/adler32.njs"
      },
      "engines": {
        "node": ">=0.8"
      }
    },
    "node_modules/ansi-regex": {
      "version": "5.0.1",
      "resolved": "https://nexus3.linkurious.net/repository/npm/ansi-regex/-/ansi-regex-5.0.1.tgz",
      "integrity": "sha512-quJQXlTSUGL2LH9SUXo8VwsY4soanhgo6LNSm84E1LBcE8s3O0wpdiRzyR9z/ZZJMlMWv37qOOb9pdJlMUEKFQ==",
      "dev": true,
      "license": "MIT",
      "engines": {
        "node": ">=8"
      }
    },
    "node_modules/ansi-styles": {
      "version": "4.3.0",
      "resolved": "https://nexus3.linkurious.net/repository/npm/ansi-styles/-/ansi-styles-4.3.0.tgz",
      "integrity": "sha512-zbB9rCJAT1rbjiVDb2hqKFHNYLxgtk8NURxZ3IZwD3F6NtxbXZQCnnSi1Lkx+IDohdPlFp222wVALIheZJQSEg==",
      "dev": true,
      "license": "MIT",
      "dependencies": {
        "color-convert": "^2.0.1"
      },
      "engines": {
        "node": ">=8"
      },
      "funding": {
        "url": "https://github.com/chalk/ansi-styles?sponsor=1"
      }
    },
    "node_modules/cfb": {
      "version": "1.2.2",
      "resolved": "https://nexus3.linkurious.net/repository/npm/cfb/-/cfb-1.2.2.tgz",
      "integrity": "sha512-KfdUZsSOw19/ObEWasvBP/Ac4reZvAGauZhs6S/gqNhXhI7cKwvlH7ulj+dOEYnca4bm4SGo8C1bTAQvnTjgQA==",
      "license": "Apache-2.0",
      "optional": true,
      "dependencies": {
        "adler-32": "~1.3.0",
        "crc-32": "~1.2.0"
      },
      "engines": {
        "node": ">=0.8"
      }
    },
    "node_modules/cfb/node_modules/adler-32": {
      "version": "1.3.1",
      "resolved": "https://nexus3.linkurious.net/repository/npm/adler-32/-/adler-32-1.3.1.tgz",
      "integrity": "sha512-ynZ4w/nUUv5rrsR8UUGoe1VC9hZj6V5hU9Qw1HlMDJGEJw5S7TfTErWTjMys6M7vr0YWcPqs3qAr4ss0nDfP+A==",
      "license": "Apache-2.0",
      "optional": true,
      "engines": {
        "node": ">=0.8"
      }
    },
    "node_modules/chalk": {
      "version": "4.1.2",
      "resolved": "https://nexus3.linkurious.net/repository/npm/chalk/-/chalk-4.1.2.tgz",
      "integrity": "sha512-oKnbhFyRIXpUuez8iBMmyEa4nbj4IOQyuhc/wy9kY7/WVPcwIO9VA668Pu8RkO7+0G76SLROeyw9CpQ061i4mA==",
      "dev": true,
      "license": "MIT",
      "dependencies": {
        "ansi-styles": "^4.1.0",
        "supports-color": "^7.1.0"
      },
      "engines": {
        "node": ">=10"
      },
      "funding": {
        "url": "https://github.com/chalk/chalk?sponsor=1"
      }
    },
    "node_modules/chalk/node_modules/supports-color": {
      "version": "7.2.0",
      "resolved": "https://nexus3.linkurious.net/repository/npm/supports-color/-/supports-color-7.2.0.tgz",
      "integrity": "sha512-qpCAvRl9stuOHveKsn7HncJRvv501qIacKzQlO/+Lwxc9+0q2wLyv4Dfvt80/DPn2pqOBsJdDiogXGR9+OvwRw==",
      "dev": true,
      "license": "MIT",
      "dependencies": {
        "has-flag": "^4.0.0"
      },
      "engines": {
        "node": ">=8"
      }
    },
    "node_modules/cliui": {
      "version": "8.0.1",
      "resolved": "https://nexus3.linkurious.net/repository/npm/cliui/-/cliui-8.0.1.tgz",
      "integrity": "sha512-BSeNnyus75C4//NQ9gQt1/csTXyo/8Sb+afLAkzAptFuMsod9HFokGNudZpi/oQV73hnVK+sR+5PVRMd+Dr7YQ==",
      "dev": true,
      "license": "ISC",
      "dependencies": {
        "string-width": "^4.2.0",
        "strip-ansi": "^6.0.1",
        "wrap-ansi": "^7.0.0"
      },
      "engines": {
        "node": ">=12"
      }
    },
    "node_modules/codepage": {
      "version": "1.14.0",
      "resolved": "https://nexus3.linkurious.net/repository/npm/codepage/-/codepage-1.14.0.tgz",
      "integrity": "sha512-iz3zJLhlrg37/gYRWgEPkaFTtzmnEv1h+r7NgZum2lFElYQPi0/5bnmuDfODHxfp0INEfnRqyfyeIJDbb7ahRw==",
      "license": "Apache-2.0",
      "optional": true,
      "dependencies": {
        "commander": "~2.14.1",
        "exit-on-epipe": "~1.0.1"
      },
      "bin": {
        "codepage": "bin/codepage.njs"
      },
      "engines": {
        "node": ">=0.8"
      }
    },
    "node_modules/codepage/node_modules/commander": {
      "version": "2.14.1",
      "resolved": "https://nexus3.linkurious.net/repository/npm/commander/-/commander-2.14.1.tgz",
      "integrity": "sha512-+YR16o3rK53SmWHU3rEM3tPAh2rwb1yPcQX5irVn7mb0gXbwuCCrnkbV5+PBfETdfg1vui07nM6PCG1zndcjQw==",
      "license": "MIT",
      "optional": true
    },
    "node_modules/color-convert": {
      "version": "2.0.1",
      "resolved": "https://nexus3.linkurious.net/repository/npm/color-convert/-/color-convert-2.0.1.tgz",
      "integrity": "sha512-RRECPsj7iu/xb5oKYcsFHSppFNnsj/52OVTRKb4zP5onXwVF3zVmmToNcOfGC+CRDpfK/U584fMg38ZHCaElKQ==",
      "dev": true,
      "license": "MIT",
      "dependencies": {
        "color-name": "~1.1.4"
      },
      "engines": {
        "node": ">=7.0.0"
      }
    },
    "node_modules/color-name": {
      "version": "1.1.4",
      "resolved": "https://nexus3.linkurious.net/repository/npm/color-name/-/color-name-1.1.4.tgz",
      "integrity": "sha512-dOy+3AuW3a2wNbZHIuMZpTcgjGuLU/uBL/ubcZF9OXbDo8ff4O8yVp5Bf0efS8uEoYo5q4Fx7dY9OgQGXgAsQA==",
      "dev": true,
      "license": "MIT"
    },
    "node_modules/commander": {
      "version": "2.17.1",
      "resolved": "https://nexus3.linkurious.net/repository/npm/commander/-/commander-2.17.1.tgz",
      "integrity": "sha512-wPMUt6FnH2yzG95SA6mzjQOEKUU3aLaDEmzs1ti+1E9h+CsrZghRlqEM/EJ4KscsQVG8uNN4uVreUeT8+drlgg==",
      "license": "MIT",
      "optional": true
    },
    "node_modules/concurrently": {
      "version": "8.2.2",
      "resolved": "https://nexus3.linkurious.net/repository/npm/concurrently/-/concurrently-8.2.2.tgz",
      "integrity": "sha512-1dP4gpXFhei8IOtlXRE/T/4H88ElHgTiUzh71YUmtjTEHMSRS2Z/fgOxHSxxusGHogsRfxNq1vyAwxSC+EVyDg==",
      "dev": true,
      "dependencies": {
        "chalk": "^4.1.2",
        "date-fns": "^2.30.0",
        "lodash": "^4.17.21",
        "rxjs": "^7.8.1",
        "shell-quote": "^1.8.1",
        "spawn-command": "0.0.2",
        "supports-color": "^8.1.1",
        "tree-kill": "^1.2.2",
        "yargs": "^17.7.2"
      },
      "bin": {
        "conc": "dist/bin/concurrently.js",
        "concurrently": "dist/bin/concurrently.js"
      },
      "engines": {
        "node": "^14.13.0 || >=16.0.0"
      },
      "funding": {
        "url": "https://github.com/open-cli-tools/concurrently?sponsor=1"
      }
    },
    "node_modules/crc-32": {
      "version": "1.2.2",
      "resolved": "https://nexus3.linkurious.net/repository/npm/crc-32/-/crc-32-1.2.2.tgz",
      "integrity": "sha512-ROmzCKrTnOwybPcJApAA6WBWij23HVfGVNKqqrZpuyZOHqK2CwHSvpGuyt/UNNvaIjEd8X5IFGp4Mh+Ie1IHJQ==",
      "license": "Apache-2.0",
      "optional": true,
      "bin": {
        "crc32": "bin/crc32.njs"
      },
      "engines": {
        "node": ">=0.8"
      }
    },
    "node_modules/csscolorparser": {
      "version": "1.0.3",
      "resolved": "https://nexus3.linkurious.net/repository/npm/csscolorparser/-/csscolorparser-1.0.3.tgz",
      "integrity": "sha512-umPSgYwZkdFoUrH5hIq5kf0wPSXiro51nPw0j2K/c83KflkPSTBGMz6NJvMB+07VlL0y7VPo6QJcDjcgKTTm3w==",
      "license": "MIT",
      "optional": true,
      "peer": true
    },
    "node_modules/date-fns": {
      "version": "2.30.0",
      "resolved": "https://nexus3.linkurious.net/repository/npm/date-fns/-/date-fns-2.30.0.tgz",
      "integrity": "sha512-fnULvOpxnC5/Vg3NCiWelDsLiUc9bRwAPs/+LfTLNvetFCtCTN+yQz15C/fs4AwX1R9K5GLtLfn8QW+dWisaAw==",
      "dev": true,
      "dependencies": {
        "@babel/runtime": "^7.21.0"
      },
      "engines": {
        "node": ">=0.11"
      },
      "funding": {
        "type": "opencollective",
        "url": "https://opencollective.com/date-fns"
      }
    },
    "node_modules/earcut": {
      "version": "2.2.4",
      "resolved": "https://nexus3.linkurious.net/repository/npm/earcut/-/earcut-2.2.4.tgz",
      "integrity": "sha512-/pjZsA1b4RPHbeWZQn66SWS8nZZWLQQ23oE3Eam7aroEFGEvwKAsJfZ9ytiEMycfzXWpca4FA9QIOehf7PocBQ==",
      "license": "ISC",
      "optional": true,
      "peer": true
    },
    "node_modules/emoji-regex": {
      "version": "8.0.0",
      "resolved": "https://nexus3.linkurious.net/repository/npm/emoji-regex/-/emoji-regex-8.0.0.tgz",
      "integrity": "sha512-MSjYzcWNOA0ewAHpz0MxpYFvwg6yjy1NG3xteoqz644VCo/RPgnr1/GGt+ic3iJTzQ8Eu3TdM14SawnVUmGE6A==",
      "dev": true,
      "license": "MIT"
    },
    "node_modules/escalade": {
      "version": "3.1.1",
      "resolved": "https://nexus3.linkurious.net/repository/npm/escalade/-/escalade-3.1.1.tgz",
      "integrity": "sha512-k0er2gUkLf8O0zKJiAhmkTnJlTvINGv7ygDNPbeIsX/TJjGJZHuh9B2UxbsaEkmlEo9MfhrSzmhIlhRlI2GXnw==",
      "dev": true,
      "license": "MIT",
      "engines": {
        "node": ">=6"
      }
    },
    "node_modules/exit-on-epipe": {
      "version": "1.0.1",
      "resolved": "https://nexus3.linkurious.net/repository/npm/exit-on-epipe/-/exit-on-epipe-1.0.1.tgz",
      "integrity": "sha512-h2z5mrROTxce56S+pnvAV890uu7ls7f1kEvVGJbw1OlFH3/mlJ5bkXu0KRyW94v37zzHPiUd55iLn3DA7TjWpw==",
      "license": "Apache-2.0",
      "optional": true,
      "engines": {
        "node": ">=0.8"
      }
    },
    "node_modules/fflate": {
      "version": "0.3.11",
      "resolved": "https://nexus3.linkurious.net/repository/npm/fflate/-/fflate-0.3.11.tgz",
      "integrity": "sha512-Rr5QlUeGN1mbOHlaqcSYMKVpPbgLy0AWT/W0EHxA6NGI12yO1jpoui2zBBvU2G824ltM6Ut8BFgfHSBGfkmS0A==",
      "license": "MIT",
      "optional": true
    },
    "node_modules/frac": {
      "version": "1.1.2",
      "resolved": "https://nexus3.linkurious.net/repository/npm/frac/-/frac-1.1.2.tgz",
      "integrity": "sha512-w/XBfkibaTl3YDqASwfDUqkna4Z2p9cFSr1aHDt0WoMTECnRfBOv2WArlZILlqgWlmdIlALXGpM2AOhEk5W3IA==",
      "license": "Apache-2.0",
      "optional": true,
      "engines": {
        "node": ">=0.8"
      }
    },
    "node_modules/geojson-vt": {
      "version": "3.2.1",
      "resolved": "https://nexus3.linkurious.net/repository/npm/geojson-vt/-/geojson-vt-3.2.1.tgz",
      "integrity": "sha512-EvGQQi/zPrDA6zr6BnJD/YhwAkBP8nnJ9emh3EnHQKVMfg/MRVtPbMYdgVy/IaEmn4UfagD2a6fafPDL5hbtwg==",
      "license": "ISC",
      "optional": true,
      "peer": true
    },
    "node_modules/get-caller-file": {
      "version": "2.0.5",
      "resolved": "https://nexus3.linkurious.net/repository/npm/get-caller-file/-/get-caller-file-2.0.5.tgz",
      "integrity": "sha512-DyFP3BM/3YHTQOCUL/w0OZHR0lpKeGrxotcHWcqNEdnltqFwXVfhEBQ94eIo34AfQpo0rGki4cyIiftY06h2Fg==",
      "dev": true,
      "license": "ISC",
      "engines": {
        "node": "6.* || 8.* || >= 10.*"
      }
    },
    "node_modules/get-stream": {
      "version": "6.0.1",
      "resolved": "https://nexus3.linkurious.net/repository/npm/get-stream/-/get-stream-6.0.1.tgz",
      "integrity": "sha512-ts6Wi+2j3jQjqi70w5AlN8DFnkSwC+MqmxEzdEALB2qXZYV3X/b1CTfgPLGJNMeAWxdPfU8FO1ms3NUfaHCPYg==",
      "license": "MIT",
      "optional": true,
      "peer": true,
      "engines": {
        "node": ">=10"
      },
      "funding": {
        "url": "https://github.com/sponsors/sindresorhus"
      }
    },
    "node_modules/gl-matrix": {
      "version": "3.4.3",
      "resolved": "https://nexus3.linkurious.net/repository/npm/gl-matrix/-/gl-matrix-3.4.3.tgz",
      "integrity": "sha512-wcCp8vu8FT22BnvKVPjXa/ICBWRq/zjFfdofZy1WSpQZpphblv12/bOQLBC1rMM7SGOFS9ltVmKOHil5+Ml7gA==",
      "license": "MIT",
      "optional": true,
      "peer": true
    },
    "node_modules/grid-index": {
      "version": "1.1.0",
      "resolved": "https://nexus3.linkurious.net/repository/npm/grid-index/-/grid-index-1.1.0.tgz",
      "integrity": "sha512-HZRwumpOGUrHyxO5bqKZL0B0GlUpwtCAzZ42sgxUPniu33R1LSFH5yrIcBCHjkctCAh3mtWKcKd9J4vDDdeVHA==",
      "license": "ISC",
      "optional": true,
      "peer": true
    },
    "node_modules/has-flag": {
      "version": "4.0.0",
      "resolved": "https://nexus3.linkurious.net/repository/npm/has-flag/-/has-flag-4.0.0.tgz",
      "integrity": "sha512-EykJT/Q1KjTWctppgIAgfSO0tKVuZUjhgMr17kqTumMl6Afv3EISleU7qZUzoXDFTAHTDC4NOoG/ZxU3EvlMPQ==",
      "dev": true,
      "license": "MIT",
      "engines": {
        "node": ">=8"
      }
    },
    "node_modules/ieee754": {
      "version": "1.2.1",
      "resolved": "https://nexus3.linkurious.net/repository/npm/ieee754/-/ieee754-1.2.1.tgz",
      "integrity": "sha512-dcyqhDvX1C46lXZcVqCpK+FtMRQVdIMN6/Df5js2zouUsqG7I6sFxitIC+7KYK29KdXOLHdu9zL4sFnoVQnqaA==",
      "funding": [
        {
          "type": "github",
          "url": "https://github.com/sponsors/feross"
        },
        {
          "type": "patreon",
          "url": "https://www.patreon.com/feross"
        },
        {
          "type": "consulting",
          "url": "https://feross.org/support"
        }
      ],
      "license": "BSD-3-Clause",
      "optional": true,
      "peer": true
    },
    "node_modules/is-fullwidth-code-point": {
      "version": "3.0.0",
      "resolved": "https://nexus3.linkurious.net/repository/npm/is-fullwidth-code-point/-/is-fullwidth-code-point-3.0.0.tgz",
      "integrity": "sha512-zymm5+u+sCsSWyD9qNaejV3DFvhCKclKdizYaJUuHA83RLjb7nSuGnddCHGv0hk+KY7BMAlsWeK4Ueg6EV6XQg==",
      "dev": true,
      "license": "MIT",
      "engines": {
        "node": ">=8"
      }
    },
    "node_modules/kdbush": {
      "version": "3.0.0",
      "resolved": "https://nexus3.linkurious.net/repository/npm/kdbush/-/kdbush-3.0.0.tgz",
      "integrity": "sha512-hRkd6/XW4HTsA9vjVpY9tuXJYLSlelnkTmVFu4M9/7MIYQtFcHpbugAU7UbOfjOiVSVYl2fqgBuJ32JUmRo5Ew==",
      "license": "ISC",
      "optional": true,
      "peer": true
    },
    "node_modules/leaflet": {
      "version": "1.9.3",
      "resolved": "https://nexus3.linkurious.net/repository/npm/leaflet/-/leaflet-1.9.3.tgz",
      "integrity": "sha512-iB2cR9vAkDOu5l3HAay2obcUHZ7xwUBBjph8+PGtmW/2lYhbLizWtG7nTeYht36WfOslixQF9D/uSIzhZgGMfQ==",
      "license": "BSD-2-Clause",
      "optional": true
    },
    "node_modules/lodash": {
      "version": "4.17.21",
      "resolved": "https://nexus3.linkurious.net/repository/npm/lodash/-/lodash-4.17.21.tgz",
      "integrity": "sha512-v2kDEe57lecTulaDIuNTPy3Ry4gLGJ6Z1O3vE1krgXZNrsQ+LFTGHVxVjcXPs17LhbZVGedAJv8XZ1tvj5FvSg==",
      "dev": true,
      "license": "MIT"
    },
    "node_modules/mapbox-gl": {
      "version": "1.13.3",
      "resolved": "https://nexus3.linkurious.net/repository/npm/mapbox-gl/-/mapbox-gl-1.13.3.tgz",
      "integrity": "sha512-p8lJFEiqmEQlyv+DQxFAOG/XPWN0Wp7j/Psq93Zywz7qt9CcUKFYDBOoOEKzqe6gudHVJY8/Bhqw6VDpX2lSBg==",
      "license": "SEE LICENSE IN LICENSE.txt",
      "optional": true,
      "peer": true,
      "dependencies": {
        "@mapbox/geojson-rewind": "^0.5.2",
        "@mapbox/geojson-types": "^1.0.2",
        "@mapbox/jsonlint-lines-primitives": "^2.0.2",
        "@mapbox/mapbox-gl-supported": "^1.5.0",
        "@mapbox/point-geometry": "^0.1.0",
        "@mapbox/tiny-sdf": "^1.1.1",
        "@mapbox/unitbezier": "^0.0.0",
        "@mapbox/vector-tile": "^1.3.1",
        "@mapbox/whoots-js": "^3.1.0",
        "csscolorparser": "~1.0.3",
        "earcut": "^2.2.2",
        "geojson-vt": "^3.2.1",
        "gl-matrix": "^3.2.1",
        "grid-index": "^1.1.0",
        "murmurhash-js": "^1.0.0",
        "pbf": "^3.2.1",
        "potpack": "^1.0.1",
        "quickselect": "^2.0.0",
        "rw": "^1.3.3",
        "supercluster": "^7.1.0",
        "tinyqueue": "^2.0.3",
        "vt-pbf": "^3.1.1"
      },
      "engines": {
        "node": ">=6.4.0"
      }
    },
    "node_modules/minimist": {
      "version": "1.2.8",
      "resolved": "https://nexus3.linkurious.net/repository/npm/minimist/-/minimist-1.2.8.tgz",
      "integrity": "sha512-2yyAR8qBkN3YuheJanUpWC5U3bb5osDywNB8RzDVlDwDHbocAJveqqj1u8+SVD7jkWT4yvsHCpWqqWqAxb0zCA==",
      "license": "MIT",
      "optional": true,
      "peer": true,
      "funding": {
        "url": "https://github.com/sponsors/ljharb"
      }
    },
    "node_modules/murmurhash-js": {
      "version": "1.0.0",
      "resolved": "https://nexus3.linkurious.net/repository/npm/murmurhash-js/-/murmurhash-js-1.0.0.tgz",
      "integrity": "sha512-TvmkNhkv8yct0SVBSy+o8wYzXjE4Zz3PCesbfs8HiCXXdcTuocApFv11UWlNFWKYsP2okqrhb7JNlSm9InBhIw==",
      "license": "MIT",
      "optional": true,
      "peer": true
    },
    "node_modules/pbf": {
      "version": "3.2.1",
      "resolved": "https://nexus3.linkurious.net/repository/npm/pbf/-/pbf-3.2.1.tgz",
      "integrity": "sha512-ClrV7pNOn7rtmoQVF4TS1vyU0WhYRnP92fzbfF75jAIwpnzdJXf8iTd4CMEqO4yUenH6NDqLiwjqlh6QgZzgLQ==",
      "license": "BSD-3-Clause",
      "optional": true,
      "peer": true,
      "dependencies": {
        "ieee754": "^1.1.12",
        "resolve-protobuf-schema": "^2.1.0"
      },
      "bin": {
        "pbf": "bin/pbf"
      }
    },
    "node_modules/potpack": {
      "version": "1.0.2",
      "resolved": "https://nexus3.linkurious.net/repository/npm/potpack/-/potpack-1.0.2.tgz",
      "integrity": "sha512-choctRBIV9EMT9WGAZHn3V7t0Z2pMQyl0EZE6pFc/6ml3ssw7Dlf/oAOvFwjm1HVsqfQN8GfeFyJ+d8tRzqueQ==",
      "license": "ISC",
      "optional": true,
      "peer": true
    },
    "node_modules/printj": {
      "version": "1.1.2",
      "resolved": "https://nexus3.linkurious.net/repository/npm/printj/-/printj-1.1.2.tgz",
      "integrity": "sha512-zA2SmoLaxZyArQTOPj5LXecR+RagfPSU5Kw1qP+jkWeNlrq+eJZyY2oS68SU1Z/7/myXM4lo9716laOFAVStCQ==",
      "license": "Apache-2.0",
      "optional": true,
      "bin": {
        "printj": "bin/printj.njs"
      },
      "engines": {
        "node": ">=0.8"
      }
    },
    "node_modules/protocol-buffers-schema": {
      "version": "3.6.0",
      "resolved": "https://nexus3.linkurious.net/repository/npm/protocol-buffers-schema/-/protocol-buffers-schema-3.6.0.tgz",
      "integrity": "sha512-TdDRD+/QNdrCGCE7v8340QyuXd4kIWIgapsE2+n/SaGiSSbomYl4TjHlvIoCWRpE7wFt02EpB35VVA2ImcBVqw==",
      "license": "MIT",
      "optional": true,
      "peer": true
    },
    "node_modules/quickselect": {
      "version": "2.0.0",
      "resolved": "https://nexus3.linkurious.net/repository/npm/quickselect/-/quickselect-2.0.0.tgz",
      "integrity": "sha512-RKJ22hX8mHe3Y6wH/N3wCM6BWtjaxIyyUIkpHOvfFnxdI4yD4tBXEBKSbriGujF6jnSVkJrffuo6vxACiSSxIw==",
      "license": "ISC",
      "optional": true,
      "peer": true
    },
    "node_modules/regenerator-runtime": {
      "version": "0.14.1",
      "resolved": "https://nexus3.linkurious.net/repository/npm/regenerator-runtime/-/regenerator-runtime-0.14.1.tgz",
      "integrity": "sha512-dYnhHh0nJoMfnkZs6GmmhFknAGRrLznOu5nc9ML+EJxGvrx6H7teuevqVqCuPcPK//3eDrrjQhehXVx9cnkGdw==",
      "dev": true
    },
    "node_modules/require-directory": {
      "version": "2.1.1",
      "resolved": "https://nexus3.linkurious.net/repository/npm/require-directory/-/require-directory-2.1.1.tgz",
      "integrity": "sha512-fGxEI7+wsG9xrvdjsrlmL22OMTTiHRwAMroiEeMgq8gzoLC/PQr7RsRDSTLUg/bZAZtF+TVIkHc6/4RIKrui+Q==",
      "dev": true,
      "license": "MIT",
      "engines": {
        "node": ">=0.10.0"
      }
    },
    "node_modules/resolve-protobuf-schema": {
      "version": "2.1.0",
      "resolved": "https://nexus3.linkurious.net/repository/npm/resolve-protobuf-schema/-/resolve-protobuf-schema-2.1.0.tgz",
      "integrity": "sha512-kI5ffTiZWmJaS/huM8wZfEMer1eRd7oJQhDuxeCLe3t7N7mX3z94CN0xPxBQxFYQTSNz9T0i+v6inKqSdK8xrQ==",
      "license": "MIT",
      "optional": true,
      "peer": true,
      "dependencies": {
        "protocol-buffers-schema": "^3.3.1"
      }
    },
    "node_modules/rw": {
      "version": "1.3.3",
      "resolved": "https://nexus3.linkurious.net/repository/npm/rw/-/rw-1.3.3.tgz",
      "integrity": "sha512-PdhdWy89SiZogBLaw42zdeqtRJ//zFd2PgQavcICDUgJT5oW10QCRKbJ6bg4r0/UY2M6BWd5tkxuGFRvCkgfHQ==",
      "license": "BSD-3-Clause",
      "optional": true,
      "peer": true
    },
    "node_modules/rxjs": {
      "version": "7.8.1",
      "resolved": "https://nexus3.linkurious.net/repository/npm/rxjs/-/rxjs-7.8.1.tgz",
      "integrity": "sha512-AA3TVj+0A2iuIoQkWEK/tqFjBq2j+6PO6Y0zJcvzLAFhEFIO3HL0vls9hWLncZbAAbK0mar7oZ4V079I/qPMxg==",
      "dev": true,
      "dependencies": {
        "tslib": "^2.1.0"
      }
    },
    "node_modules/shell-quote": {
      "version": "1.8.1",
      "resolved": "https://nexus3.linkurious.net/repository/npm/shell-quote/-/shell-quote-1.8.1.tgz",
      "integrity": "sha512-6j1W9l1iAs/4xYBI1SYOVZyFcCis9b4KCLQ8fgAGG07QvzaRLVVRQvAy85yNmmZSjYjg4MWh4gNvlPujU/5LpA==",
      "dev": true,
      "funding": {
        "url": "https://github.com/sponsors/ljharb"
      }
    },
    "node_modules/spawn-command": {
      "version": "0.0.2",
      "resolved": "https://nexus3.linkurious.net/repository/npm/spawn-command/-/spawn-command-0.0.2.tgz",
      "integrity": "sha512-zC8zGoGkmc8J9ndvml8Xksr1Amk9qBujgbF0JAIWO7kXr43w0h/0GJNM/Vustixu+YE8N/MTrQ7N31FvHUACxQ==",
      "dev": true
    },
    "node_modules/ssf": {
      "version": "0.11.2",
      "resolved": "https://nexus3.linkurious.net/repository/npm/ssf/-/ssf-0.11.2.tgz",
      "integrity": "sha512-+idbmIXoYET47hH+d7dfm2epdOMUDjqcB4648sTZ+t2JwoyBFL/insLfB/racrDmsKB3diwsDA696pZMieAC5g==",
      "license": "Apache-2.0",
      "optional": true,
      "dependencies": {
        "frac": "~1.1.2"
      },
      "engines": {
        "node": ">=0.8"
      }
    },
    "node_modules/string-width": {
      "version": "4.2.3",
      "resolved": "https://nexus3.linkurious.net/repository/npm/string-width/-/string-width-4.2.3.tgz",
      "integrity": "sha512-wKyQRQpjJ0sIp62ErSZdGsjMJWsap5oRNihHhu6G7JVO/9jIB6UyevL+tXuOqrng8j/cxKTWyWUwvSTriiZz/g==",
      "dev": true,
      "license": "MIT",
      "dependencies": {
        "emoji-regex": "^8.0.0",
        "is-fullwidth-code-point": "^3.0.0",
        "strip-ansi": "^6.0.1"
      },
      "engines": {
        "node": ">=8"
      }
    },
    "node_modules/strip-ansi": {
      "version": "6.0.1",
      "resolved": "https://nexus3.linkurious.net/repository/npm/strip-ansi/-/strip-ansi-6.0.1.tgz",
      "integrity": "sha512-Y38VPSHcqkFrCpFnQ9vuSXmquuv5oXOKpGeT6aGrr3o3Gc9AlVa6JBfUSOCnbxGGZF+/0ooI7KrPuUSztUdU5A==",
      "dev": true,
      "license": "MIT",
      "dependencies": {
        "ansi-regex": "^5.0.1"
      },
      "engines": {
        "node": ">=8"
      }
    },
    "node_modules/supercluster": {
      "version": "7.1.5",
      "resolved": "https://nexus3.linkurious.net/repository/npm/supercluster/-/supercluster-7.1.5.tgz",
      "integrity": "sha512-EulshI3pGUM66o6ZdH3ReiFcvHpM3vAigyK+vcxdjpJyEbIIrtbmBdY23mGgnI24uXiGFvrGq9Gkum/8U7vJWg==",
      "license": "ISC",
      "optional": true,
      "peer": true,
      "dependencies": {
        "kdbush": "^3.0.0"
      }
    },
    "node_modules/supports-color": {
      "version": "8.1.1",
      "resolved": "https://nexus3.linkurious.net/repository/npm/supports-color/-/supports-color-8.1.1.tgz",
      "integrity": "sha512-MpUEN2OodtUzxvKQl72cUF7RQ5EiHsGvSsVG0ia9c5RbWGL2CI4C7EpPS8UTBIplnlzZiNuV56w+FuNxy3ty2Q==",
      "dev": true,
      "license": "MIT",
      "dependencies": {
        "has-flag": "^4.0.0"
      },
      "engines": {
        "node": ">=10"
      },
      "funding": {
        "url": "https://github.com/chalk/supports-color?sponsor=1"
      }
    },
    "node_modules/tinyqueue": {
      "version": "2.0.3",
      "resolved": "https://nexus3.linkurious.net/repository/npm/tinyqueue/-/tinyqueue-2.0.3.tgz",
      "integrity": "sha512-ppJZNDuKGgxzkHihX8v9v9G5f+18gzaTfrukGrq6ueg0lmH4nqVnA2IPG0AEH3jKEk2GRJCUhDoqpoiw3PHLBA==",
      "license": "ISC",
      "optional": true,
      "peer": true
    },
    "node_modules/tree-kill": {
      "version": "1.2.2",
      "resolved": "https://nexus3.linkurious.net/repository/npm/tree-kill/-/tree-kill-1.2.2.tgz",
      "integrity": "sha512-L0Orpi8qGpRG//Nd+H90vFB+3iHnue1zSSGmNOOCh1GLJ7rUKVwV2HvijphGQS2UmhUZewS9VgvxYIdgr+fG1A==",
      "dev": true,
      "license": "MIT",
      "bin": {
        "tree-kill": "cli.js"
      }
    },
    "node_modules/tslib": {
      "version": "2.5.0",
      "resolved": "https://nexus3.linkurious.net/repository/npm/tslib/-/tslib-2.5.0.tgz",
      "integrity": "sha512-336iVw3rtn2BUK7ORdIAHTyxHGRIHVReokCR3XjbckJMK7ms8FysBfhLR8IXnAgy7T0PTPNBWKiH514FOW/WSg==",
      "dev": true,
      "license": "0BSD"
    },
    "node_modules/vt-pbf": {
      "version": "3.1.3",
      "resolved": "https://nexus3.linkurious.net/repository/npm/vt-pbf/-/vt-pbf-3.1.3.tgz",
      "integrity": "sha512-2LzDFzt0mZKZ9IpVF2r69G9bXaP2Q2sArJCmcCgvfTdCCZzSyz4aCLoQyUilu37Ll56tCblIZrXFIjNUpGIlmA==",
      "license": "MIT",
      "optional": true,
      "peer": true,
      "dependencies": {
        "@mapbox/point-geometry": "0.1.0",
        "@mapbox/vector-tile": "^1.3.1",
        "pbf": "^3.2.1"
      }
    },
    "node_modules/wmf": {
      "version": "1.0.2",
      "resolved": "https://nexus3.linkurious.net/repository/npm/wmf/-/wmf-1.0.2.tgz",
      "integrity": "sha512-/p9K7bEh0Dj6WbXg4JG0xvLQmIadrner1bi45VMJTfnbVHsc7yIajZyoSoK60/dtVBs12Fm6WkUI5/3WAVsNMw==",
      "license": "Apache-2.0",
      "optional": true,
      "engines": {
        "node": ">=0.8"
      }
    },
    "node_modules/word": {
      "version": "0.3.0",
      "resolved": "https://nexus3.linkurious.net/repository/npm/word/-/word-0.3.0.tgz",
      "integrity": "sha512-OELeY0Q61OXpdUfTp+oweA/vtLVg5VDOXh+3he3PNzLGG/y0oylSOC1xRVj0+l4vQ3tj/bB1HVHv1ocXkQceFA==",
      "license": "Apache-2.0",
      "optional": true,
      "engines": {
        "node": ">=0.8"
      }
    },
    "node_modules/wrap-ansi": {
      "version": "7.0.0",
      "resolved": "https://nexus3.linkurious.net/repository/npm/wrap-ansi/-/wrap-ansi-7.0.0.tgz",
      "integrity": "sha512-YVGIj2kamLSTxw6NsZjoBxfSwsn0ycdesmc4p+Q21c5zPuZ1pl+NfxVdxPtdHvmNVOQ6XSYG4AUtyt/Fi7D16Q==",
      "dev": true,
      "license": "MIT",
      "dependencies": {
        "ansi-styles": "^4.0.0",
        "string-width": "^4.1.0",
        "strip-ansi": "^6.0.0"
      },
      "engines": {
        "node": ">=10"
      },
      "funding": {
        "url": "https://github.com/chalk/wrap-ansi?sponsor=1"
      }
    },
    "node_modules/xlsx": {
      "version": "0.17.0",
      "resolved": "https://nexus3.linkurious.net/repository/npm/xlsx/-/xlsx-0.17.0.tgz",
      "integrity": "sha512-bZ36FSACiAyjoldey1+7it50PMlDp1pcAJrZKcVZHzKd8BC/z6TQ/QAN8onuqcepifqSznR6uKnjPhaGt6ig9A==",
      "license": "Apache-2.0",
      "optional": true,
      "dependencies": {
        "adler-32": "~1.2.0",
        "cfb": "^1.1.4",
        "codepage": "~1.14.0",
        "commander": "~2.17.1",
        "crc-32": "~1.2.0",
        "exit-on-epipe": "~1.0.1",
        "fflate": "^0.3.8",
        "ssf": "~0.11.2",
        "wmf": "~1.0.1",
        "word": "~0.3.0"
      },
      "bin": {
        "xlsx": "bin/xlsx.njs"
      },
      "engines": {
        "node": ">=0.8"
      }
    },
    "node_modules/y18n": {
      "version": "5.0.8",
      "resolved": "https://nexus3.linkurious.net/repository/npm/y18n/-/y18n-5.0.8.tgz",
      "integrity": "sha512-0pfFzegeDWJHJIAmTLRP2DwHjdF5s7jo9tuztdQxAhINCdvS+3nGINqPd00AphqJR/0LhANUS6/+7SCb98YOfA==",
      "dev": true,
      "license": "ISC",
      "engines": {
        "node": ">=10"
      }
    },
    "node_modules/yargs": {
      "version": "17.7.2",
      "resolved": "https://nexus3.linkurious.net/repository/npm/yargs/-/yargs-17.7.2.tgz",
      "integrity": "sha512-7dSzzRQ++CKnNI/krKnYRV7JKKPUXMEh61soaHKg9mrWEhzFWhFnxPxGl+69cD1Ou63C13NUPCnmIcrvqCuM6w==",
      "dev": true,
      "dependencies": {
        "cliui": "^8.0.1",
        "escalade": "^3.1.1",
        "get-caller-file": "^2.0.5",
        "require-directory": "^2.1.1",
        "string-width": "^4.2.3",
        "y18n": "^5.0.5",
        "yargs-parser": "^21.1.1"
      },
      "engines": {
        "node": ">=12"
      }
    },
    "node_modules/yargs-parser": {
      "version": "21.1.1",
      "resolved": "https://nexus3.linkurious.net/repository/npm/yargs-parser/-/yargs-parser-21.1.1.tgz",
      "integrity": "sha512-tVpsJW7DdjecAiFpbIB1e3qxIQsE6NoPc5/eTdrbbIC4h0LVsWhnoa3g+m2HclBIujHzsxZ4VJVA+GUuc2/LBw==",
      "dev": true,
      "license": "ISC",
      "engines": {
        "node": ">=12"
      }
    }
  }
}
