{
  "name": "@linkurious/ogma-build-systems",
  "version": "0.0.1",
  "lockfileVersion": 2,
  "requires": true,
  "packages": {
    "": {
      "name": "@linkurious/ogma-build-systems",
      "version": "0.0.1",
      "license": "ISC",
      "devDependencies": {
        "@linkurious/code-tools": "^0.0.14"
      }
    },
    "node_modules/@linkurious/code-tools": {
      "version": "0.0.14",
      "resolved": "https://nexus3.linkurious.net/repository/npm/@linkurious/code-tools/-/code-tools-0.0.14.tgz",
      "integrity": "sha512-S9KHJThvy9/XtUPAPqn/Bms9BMhXLvOhVBmZflJJfg2wg+sVAPeNPZ1kME201lshEKtxXgwvAcvegNt8+M076A==",
      "dev": true,
      "license": "Apache-2.0",
      "bin": {
        "copy_npmrc": "bin/copy_npmrc.js",
        "sync_versions": "bin/sync_versions.js"
      },
      "engines": {
        "node": "18.14.2"
      }
    }
  },
  "dependencies": {
    "@linkurious/code-tools": {
      "version": "0.0.14",
      "resolved": "https://nexus3.linkurious.net/repository/npm/@linkurious/code-tools/-/code-tools-0.0.14.tgz",
      "integrity": "sha512-S9KHJThvy9/XtUPAPqn/Bms9BMhXLvOhVBmZflJJfg2wg+sVAPeNPZ1kME201lshEKtxXgwvAcvegNt8+M076A==",
      "dev": true
    }
  }
}
